
Microsoft Visual Studio Solution File, Format Version 12.00
# Visual Studio Version 16
VisualStudioVersion = 16.0.29001.49
MinimumVisualStudioVersion = 10.0.40219.1
Project("{FAE04EC0-301F-11D3-BF4B-00C04F79EFBC}") = "KeyboardChatterBlocker", "KeyboardChatterBlocker\KeyboardChatterBlocker.csproj", "{07C1E8F5-7DF5-41BF-A999-9F415B9EBAF8}"
EndProject
Project("{54435603-DBB4-11D2-8724-00A0C9A8B90C}") = "WindowsInstaller", "WindowsInstaller\WindowsInstaller.vdproj", "{67C233B6-F429-4378-983B-794551A9C7AD}"
EndProject
Global
	GlobalSection(SolutionConfigurationPlatforms) = preSolution
		Debug|Any CPU = Debug|Any CPU
		Debug|x64 = Debug|x64
		Debug|x86 = Debug|x86
		Release|Any CPU = Release|Any CPU
		Release|x64 = Release|x64
		Release|x86 = Release|x86
	EndGlobalSection
	GlobalSection(ProjectConfigurationPlatforms) = postSolution
		{07C1E8F5-7DF5-41BF-A999-9F415B9EBAF8}.Debug|Any CPU.ActiveCfg = Debug|Any CPU
		{07C1E8F5-7DF5-41BF-A999-9F415B9EBAF8}.Debug|Any CPU.Build.0 = Debug|Any CPU
		{07C1E8F5-7DF5-41BF-A999-9F415B9EBAF8}.Debug|x64.ActiveCfg = Debug|x64
		{07C1E8F5-7DF5-41BF-A999-9F415B9EBAF8}.Debug|x64.Build.0 = Debug|x64
		{07C1E8F5-7DF5-41BF-A999-9F415B9EBAF8}.Debug|x86.ActiveCfg = Debug|Any CPU
		{07C1E8F5-7DF5-41BF-A999-9F415B9EBAF8}.Debug|x86.Build.0 = Debug|Any CPU
		{07C1E8F5-7DF5-41BF-A999-9F415B9EBAF8}.Release|Any CPU.ActiveCfg = Release|Any CPU
		{07C1E8F5-7DF5-41BF-A999-9F415B9EBAF8}.Release|Any CPU.Build.0 = Release|Any CPU
		{07C1E8F5-7DF5-41BF-A999-9F415B9EBAF8}.Release|x64.ActiveCfg = Release|x64
		{07C1E8F5-7DF5-41BF-A999-9F415B9EBAF8}.Release|x64.Build.0 = Release|x64
		{07C1E8F5-7DF5-41BF-A999-9F415B9EBAF8}.Release|x86.ActiveCfg = Release|Any CPU
		{07C1E8F5-7DF5-41BF-A999-9F415B9EBAF8}.Release|x86.Build.0 = Release|Any CPU
		{67C233B6-F429-4378-983B-794551A9C7AD}.Debug|Any CPU.ActiveCfg = Debug
		{67C233B6-F429-4378-983B-794551A9C7AD}.Debug|x64.ActiveCfg = Debug
		{67C233B6-F429-4378-983B-794551A9C7AD}.Debug|x86.ActiveCfg = Debug
		{67C233B6-F429-4378-983B-794551A9C7AD}.Release|Any CPU.ActiveCfg = Release
		{67C233B6-F429-4378-983B-794551A9C7AD}.Release|Any CPU.Build.0 = Release
		{67C233B6-F429-4378-983B-794551A9C7AD}.Release|x64.ActiveCfg = Release
		{67C233B6-F429-4378-983B-794551A9C7AD}.Release|x86.ActiveCfg = Release
	EndGlobalSection
	GlobalSection(SolutionProperties) = preSolution
		HideSolutionNode = FALSE
	EndGlobalSection
	GlobalSection(ExtensibilityGlobals) = postSolution
		SolutionGuid = {61F75574-2C71-4EA6-B004-D909AA8193D4}
	EndGlobalSection
EndGlobal
